
Microsoft Visual Studio Solution File, Format Version 12.00
# Visual Studio Version 16
VisualStudioVersion = 16.0.31105.61
MinimumVisualStudioVersion = 10.0.40219.1
Project("{FAE04EC0-301F-11D3-BF4B-00C04F79EFBC}") = "BlazorTimer", "BlazorTimer.csproj", "{B683915A-8218-46E8-BB59-FE76C90FC615}"
EndProject
Global
	GlobalSection(SolutionConfigurationPlatforms) = preSolution
		Debug|Any CPU = Debug|Any CPU
		Release|Any CPU = Release|Any CPU
	EndGlobalSection
	GlobalSection(ProjectConfigurationPlatforms) = postSolution
		{B683915A-8218-46E8-BB59-FE76C90FC615}.Debug|Any CPU.ActiveCfg = Debug|Any CPU
		{B683915A-8218-46E8-BB59-FE76C90FC615}.Debug|Any CPU.Build.0 = Debug|Any CPU
		{B683915A-8218-46E8-BB59-FE76C90FC615}.Release|Any CPU.ActiveCfg = Release|Any CPU
		{B683915A-8218-46E8-BB59-FE76C90FC615}.Release|Any CPU.Build.0 = Release|Any CPU
	EndGlobalSection
	GlobalSection(SolutionProperties) = preSolution
		HideSolutionNode = FALSE
	EndGlobalSection
	GlobalSection(ExtensibilityGlobals) = postSolution
		SolutionGuid = {DB1BF718-D9B3-425C-8BFA-00421A96C42C}
	EndGlobalSection
EndGlobal
